
Microsoft Visual Studio Solution File, Format Version 12.00
# Visual Studio Version 16
VisualStudioVersion = 16.0.32630.194
MinimumVisualStudioVersion = 10.0.40219.1
Project("{FAE04EC0-301F-11D3-BF4B-00C04F79EFBC}") = "test", "test\test.csproj", "{8F180512-DC52-4ED9-9606-BEA0ACEDBC4D}"
EndProject
Project("{FAE04EC0-301F-11D3-BF4B-00C04F79EFBC}") = "test1", "test1\test1.csproj", "{10630656-A271-4F5A-A036-2E72FF1CF989}"
EndProject
Project("{FAE04EC0-301F-11D3-BF4B-00C04F79EFBC}") = "test2", "test2\test2.csproj", "{810A6187-D211-4950-AC62-616382D87E37}"
EndProject
Project("{FAE04EC0-301F-11D3-BF4B-00C04F79EFBC}") = "test3", "test3\test3.csproj", "{203A1D02-6591-4A42-BA73-6E40E973C93B}"
EndProject
Project("{FAE04EC0-301F-11D3-BF4B-00C04F79EFBC}") = "test4", "test4\test4.csproj", "{9620E5CD-869B-4DB0-8B8A-0B070B9CD04E}"
EndProject
Project("{FAE04EC0-301F-11D3-BF4B-00C04F79EFBC}") = "test5", "test5\test5.csproj", "{695B4B52-4B7F-45FD-9260-16DC2D771025}"
EndProject
Project("{FAE04EC0-301F-11D3-BF4B-00C04F79EFBC}") = "test6", "test6\test6.csproj", "{ADAA9DDD-EBA1-4C58-B128-68869B318953}"
EndProject
Global
	GlobalSection(SolutionConfigurationPlatforms) = preSolution
		Debug|Any CPU = Debug|Any CPU
		Release|Any CPU = Release|Any CPU
	EndGlobalSection
	GlobalSection(ProjectConfigurationPlatforms) = postSolution
		{8F180512-DC52-4ED9-9606-BEA0ACEDBC4D}.Debug|Any CPU.ActiveCfg = Debug|Any CPU
		{8F180512-DC52-4ED9-9606-BEA0ACEDBC4D}.Debug|Any CPU.Build.0 = Debug|Any CPU
		{8F180512-DC52-4ED9-9606-BEA0ACEDBC4D}.Release|Any CPU.ActiveCfg = Release|Any CPU
		{8F180512-DC52-4ED9-9606-BEA0ACEDBC4D}.Release|Any CPU.Build.0 = Release|Any CPU
		{10630656-A271-4F5A-A036-2E72FF1CF989}.Debug|Any CPU.ActiveCfg = Debug|Any CPU
		{10630656-A271-4F5A-A036-2E72FF1CF989}.Debug|Any CPU.Build.0 = Debug|Any CPU
		{10630656-A271-4F5A-A036-2E72FF1CF989}.Release|Any CPU.ActiveCfg = Release|Any CPU
		{10630656-A271-4F5A-A036-2E72FF1CF989}.Release|Any CPU.Build.0 = Release|Any CPU
		{810A6187-D211-4950-AC62-616382D87E37}.Debug|Any CPU.ActiveCfg = Debug|Any CPU
		{810A6187-D211-4950-AC62-616382D87E37}.Debug|Any CPU.Build.0 = Debug|Any CPU
		{810A6187-D211-4950-AC62-616382D87E37}.Release|Any CPU.ActiveCfg = Release|Any CPU
		{810A6187-D211-4950-AC62-616382D87E37}.Release|Any CPU.Build.0 = Release|Any CPU
		{203A1D02-6591-4A42-BA73-6E40E973C93B}.Debug|Any CPU.ActiveCfg = Debug|Any CPU
		{203A1D02-6591-4A42-BA73-6E40E973C93B}.Debug|Any CPU.Build.0 = Debug|Any CPU
		{203A1D02-6591-4A42-BA73-6E40E973C93B}.Release|Any CPU.ActiveCfg = Release|Any CPU
		{203A1D02-6591-4A42-BA73-6E40E973C93B}.Release|Any CPU.Build.0 = Release|Any CPU
		{9620E5CD-869B-4DB0-8B8A-0B070B9CD04E}.Debug|Any CPU.ActiveCfg = Debug|Any CPU
		{9620E5CD-869B-4DB0-8B8A-0B070B9CD04E}.Debug|Any CPU.Build.0 = Debug|Any CPU
		{9620E5CD-869B-4DB0-8B8A-0B070B9CD04E}.Release|Any CPU.ActiveCfg = Release|Any CPU
		{9620E5CD-869B-4DB0-8B8A-0B070B9CD04E}.Release|Any CPU.Build.0 = Release|Any CPU
		{695B4B52-4B7F-45FD-9260-16DC2D771025}.Debug|Any CPU.ActiveCfg = Debug|Any CPU
		{695B4B52-4B7F-45FD-9260-16DC2D771025}.Debug|Any CPU.Build.0 = Debug|Any CPU
		{695B4B52-4B7F-45FD-9260-16DC2D771025}.Release|Any CPU.ActiveCfg = Release|Any CPU
		{695B4B52-4B7F-45FD-9260-16DC2D771025}.Release|Any CPU.Build.0 = Release|Any CPU
		{ADAA9DDD-EBA1-4C58-B128-68869B318953}.Debug|Any CPU.ActiveCfg = Debug|Any CPU
		{ADAA9DDD-EBA1-4C58-B128-68869B318953}.Debug|Any CPU.Build.0 = Debug|Any CPU
		{ADAA9DDD-EBA1-4C58-B128-68869B318953}.Release|Any CPU.ActiveCfg = Release|Any CPU
		{ADAA9DDD-EBA1-4C58-B128-68869B318953}.Release|Any CPU.Build.0 = Release|Any CPU
	EndGlobalSection
	GlobalSection(SolutionProperties) = preSolution
		HideSolutionNode = FALSE
	EndGlobalSection
	GlobalSection(ExtensibilityGlobals) = postSolution
		SolutionGuid = {1CE8577C-2171-4EC1-A8ED-739DD865FC04}
	EndGlobalSection
EndGlobal
